{
  "version": 4,
  "terraform_version": "1.5.0",
  "serial": 723,
  "lineage": "d3b0612e-017a-01fb-00ea-ca22239c2461",
  "outputs": {},
  "resources": [
    {
      "mode": "managed",
      "type": "google_artifact_registry_repository",
      "name": "my-repo",
      "provider": "provider[\"registry.terraform.io/hashicorp/google\"]",
      "instances": [
        {
          "schema_version": 0,
          "attributes": {
            "create_time": "2023-04-16T17:28:46.163780Z",
            "description": "example docker repository",
            "format": "DOCKER",
            "id": "projects/superb-system-382911/locations/me-west1/repositories/my-repo",
            "kms_key_name": "",
            "labels": {},
            "location": "me-west1",
            "maven_config": [],
            "name": "my-repo",
            "project": "superb-system-382911",
            "repository_id": "my-repo",
            "timeouts": null,
            "update_time": "2023-04-16T17:28:46.163780Z"
          },
          "sensitive_attributes": [],
          "private": "eyJlMmJmYjczMC1lY2FhLTExZTYtOGY4OC0zNDM2M2JjN2M0YzAiOnsiY3JlYXRlIjoxMjAwMDAwMDAwMDAwLCJkZWxldGUiOjEyMDAwMDAwMDAwMDAsInVwZGF0ZSI6MTIwMDAwMDAwMDAwMH19",
          "dependencies": [
            "google_compute_network.vpc_network",
            "google_compute_subnetwork.subnet"
          ]
        }
      ]
    },
    {
      "mode": "managed",
      "type": "google_compute_network",
      "name": "vpc_network",
      "provider": "provider[\"registry.terraform.io/hashicorp/google\"]",
      "instances": [
        {
          "schema_version": 0,
          "attributes": {
            "auto_create_subnetworks": false,
            "delete_default_routes_on_create": false,
            "description": "",
            "enable_ula_internal_ipv6": false,
            "gateway_ipv4": "",
            "id": "projects/superb-system-382911/global/networks/terraform-network",
            "internal_ipv6_range": "",
            "mtu": 0,
            "name": "terraform-network",
            "project": "superb-system-382911",
            "routing_mode": "REGIONAL",
            "self_link": "https://www.googleapis.com/compute/v1/projects/superb-system-382911/global/networks/terraform-network",
            "timeouts": null
          },
          "sensitive_attributes": [],
          "private": "eyJlMmJmYjczMC1lY2FhLTExZTYtOGY4OC0zNDM2M2JjN2M0YzAiOnsiY3JlYXRlIjoxMjAwMDAwMDAwMDAwLCJkZWxldGUiOjEyMDAwMDAwMDAwMDAsInVwZGF0ZSI6MTIwMDAwMDAwMDAwMH19"
        }
      ]
    },
    {
      "mode": "managed",
      "type": "google_compute_subnetwork",
      "name": "subnet",
      "provider": "provider[\"registry.terraform.io/hashicorp/google\"]",
      "instances": [
        {
          "schema_version": 0,
          "attributes": {
            "creation_timestamp": "2023-04-16T10:28:22.528-07:00",
            "description": "",
            "external_ipv6_prefix": "",
            "fingerprint": null,
            "gateway_address": "10.10.0.1",
            "id": "projects/superb-system-382911/regions/me-west1/subnetworks/superb-system-382911-subnet",
            "ip_cidr_range": "10.10.0.0/24",
            "ipv6_access_type": "",
            "ipv6_cidr_range": "",
            "log_config": [],
            "name": "superb-system-382911-subnet",
            "network": "https://www.googleapis.com/compute/v1/projects/superb-system-382911/global/networks/terraform-network",
            "private_ip_google_access": true,
            "private_ipv6_google_access": "DISABLE_GOOGLE_ACCESS",
            "project": "superb-system-382911",
            "purpose": "PRIVATE",
            "region": "me-west1",
            "role": "",
            "secondary_ip_range": [],
            "self_link": "https://www.googleapis.com/compute/v1/projects/superb-system-382911/regions/me-west1/subnetworks/superb-system-382911-subnet",
            "stack_type": "IPV4_ONLY",
            "timeouts": null
          },
          "sensitive_attributes": [],
          "private": "eyJlMmJmYjczMC1lY2FhLTExZTYtOGY4OC0zNDM2M2JjN2M0YzAiOnsiY3JlYXRlIjoxMjAwMDAwMDAwMDAwLCJkZWxldGUiOjEyMDAwMDAwMDAwMDAsInVwZGF0ZSI6MTIwMDAwMDAwMDAwMH19",
          "dependencies": [
            "google_compute_network.vpc_network"
          ]
        }
      ]
    },
    {
      "mode": "managed",
      "type": "google_container_cluster",
      "name": "primary",
      "provider": "provider[\"registry.terraform.io/hashicorp/google\"]",
      "instances": [
        {
          "schema_version": 1,
          "attributes": {
            "addons_config": [
              {
                "cloudrun_config": [],
                "config_connector_config": [],
                "dns_cache_config": [],
                "gce_persistent_disk_csi_driver_config": [
                  {
                    "enabled": true
                  }
                ],
                "gcp_filestore_csi_driver_config": [],
                "gke_backup_agent_config": [],
                "horizontal_pod_autoscaling": [],
                "http_load_balancing": [],
                "network_policy_config": [
                  {
                    "disabled": true
                  }
                ]
              }
            ],
            "authenticator_groups_config": [],
            "binary_authorization": [
              {
                "enabled": false,
                "evaluation_mode": ""
              }
            ],
            "cluster_autoscaling": [
              {
                "auto_provisioning_defaults": [],
                "enabled": false,
                "resource_limits": []
              }
            ],
            "cluster_ipv4_cidr": "10.204.0.0/14",
            "confidential_nodes": [],
            "cost_management_config": [],
            "database_encryption": [
              {
                "key_name": "",
                "state": "DECRYPTED"
              }
            ],
            "datapath_provider": "",
            "default_max_pods_per_node": null,
            "default_snat_status": [
              {
                "disabled": false
              }
            ],
            "description": "",
            "dns_config": [],
            "enable_autopilot": false,
            "enable_binary_authorization": false,
            "enable_intranode_visibility": false,
            "enable_kubernetes_alpha": false,
            "enable_l4_ilb_subsetting": false,
            "enable_legacy_abac": false,
            "enable_shielded_nodes": true,
            "enable_tpu": false,
            "endpoint": "34.165.223.111",
            "gateway_api_config": [],
            "id": "projects/superb-system-382911/locations/me-west1/clusters/superb-system-382911-gke",
            "initial_node_count": 1,
            "ip_allocation_policy": [],
            "label_fingerprint": "a9dc16a7",
            "location": "me-west1",
            "logging_config": [
              {
                "enable_components": [
                  "SYSTEM_COMPONENTS",
                  "WORKLOADS"
                ]
              }
            ],
            "logging_service": "logging.googleapis.com/kubernetes",
            "maintenance_policy": [],
            "master_auth": [
              {
                "client_certificate": "",
                "client_certificate_config": [
                  {
                    "issue_client_certificate": false
                  }
                ],
                "client_key": "",
                "cluster_ca_certificate": "LS0tLS1CRUdJTiBDRVJUSUZJQ0FURS0tLS0tCk1JSUVMRENDQXBTZ0F3SUJBZ0lRVHMvWEtmcWFNL2dodjE0eDIwYWZsREFOQmdrcWhraUc5dzBCQVFzRkFEQXYKTVMwd0t3WURWUVFERXlReVpXVTVNVFprTVMxaE1XWmtMVFF6WkdZdFlUTmhOaTB3TjJZNE1XUXhOVFUzTXpBdwpJQmNOTWpNd05ERTJNVFl5T0RRMldoZ1BNakExTXpBME1EZ3hOekk0TkRaYU1DOHhMVEFyQmdOVkJBTVRKREpsClpUa3hObVF4TFdFeFptUXRORE5rWmkxaE0yRTJMVEEzWmpneFpERTFOVGN6TURDQ0FhSXdEUVlKS29aSWh2Y04KQVFFQkJRQURnZ0dQQURDQ0FZb0NnZ0dCQU5KckM3QlZVd2VHSjVGcVJnTUtZd1Y5WHE0QlF2YWFTdUJCbFltZQowaWlvWEJvalFYUHJpTU1vYy9RRzFOcXBiNi9VaUw0SHd2TExGUFdPcS9Ca2VDc1VUdHVtOVRHUS9tUXlRc0lkCmVrMm5HQ1V6TEZKV3lsMTMvaFZjTVlqL1RVcnk5WWpFeUNreWVOMlduUlhUZnRBK0pMVzNSbzVaVTFUdjlnK0MKZ3lKL3B2c1RtUW5zUUV6am1Ob0k3Rm9IcGNwQ2VVSGx5RmcxY3hmSXcvSTJtVzVHSG0xcElUdVZGakI0MkR0QgoxNUhVV3ovN1c2azJNRDdHb1Z5Zk45US9vTWlPa3pVSWdLQlYyUUVnR1J4U091cVkxMERUa2MxVkhsVC9uOGdsCkhwUVp1eWhCM2p4UG5mRkJBeXpOWDQ0MzA0MlJRVTA0Yng1MEIwK2E1QW90ZWR4Mlp3S04xaG5hTlRVTmkweWoKWlRCS3laTnQ3eTJ0alJlektkZk9uZkFpYmhHUkgwcHo2ZEV2UjVWMlRGbHNvMU9VOXcwdWxnK0hTdVM0dmZ3dwp0blRtNjA5eDlqbnoxWElPZjVlQ3MybXZIL1FTNFpkOWlocHdDYU1XdG44Zmp2SkwyaThYTCtrL3l0U3V6K25uCnFST0NvZExuc0tHdDhZR1VBb1FXUmZWeU13SURBUUFCbzBJd1FEQU9CZ05WSFE4QkFmOEVCQU1DQWdRd0R3WUQKVlIwVEFRSC9CQVV3QXdFQi96QWRCZ05WSFE0RUZnUVVhVnI3RlZqc2didU1peGFxcDFwRVdtMHlFazR3RFFZSgpLb1pJaHZjTkFRRUxCUUFEZ2dHQkFIU0Urdy85YytTd3hIdVdaM3BORGlwNUpEN0lkbzY4c1VvWDM0UkVBdFZlCjJIWGk1dGZkSHZHYU1VSUxCRXU4c0VGYUhhcUJIWVM1UnIxa2pmN09PTHhXSDZXRWdtUW9GSndPcDV4SExBMjQKdkFCQ0F0cTd4RWRtbHJUVDV2Y3JObEFaQ0NSQ2lxalJRNXpIMlI1ajE3dXZTYm9tV291eCtEaXNoQ2tZZzZIcQpiVjFNWGdMZ2ozY1hBRDVETW1mdEFYWWUxWTBocTllN0RHek85d2pJbXJueVFFTWpDTUpPenNiZGtma1Frd055CmdSSGtXTVhsd1JVK0VrNGMrTkYyT0VCWkREbVpoUFVOOFdxVkd0OFNRVTBXaERHN0ZZSEZidytYZXhtcGJFSEUKWlFPVVNtNUorcWpZc25sSXJzQUxnMnN4YmswaXRLdFk2U1R3ZzNQdVQ4VHdpMVhmNEMzc0lwMDlXTWFIVGFUTQpySXlFbmZVdjFweHI0aEErNGRGUVNvN0NueER2cWoxYzZYaWhUbDA2VVYrS3VUc1RRc2tvanpCYXF6aFVtdEJpCmVsTTFacjBSM0cxNUF3citFcE9kQ0pFR1NQQStJbFQ0N3dPQkRNS3piNm9ERlBFb0prUG8xNXhPZEQ0bzJIY0IKOEswLzF4ZmQyRXEzcVd2bnpOOXhDZz09Ci0tLS0tRU5EIENFUlRJRklDQVRFLS0tLS0K"
              }
            ],
            "master_authorized_networks_config": [],
            "master_version": "1.24.10-gke.2300",
            "mesh_certificates": [],
            "min_master_version": null,
            "monitoring_config": [
              {
                "enable_components": [
                  "SYSTEM_COMPONENTS"
                ],
                "managed_prometheus": []
              }
            ],
            "monitoring_service": "monitoring.googleapis.com/kubernetes",
            "name": "superb-system-382911-gke",
            "network": "projects/superb-system-382911/global/networks/terraform-network",
            "network_policy": [
              {
                "enabled": false,
                "provider": "PROVIDER_UNSPECIFIED"
              }
            ],
            "networking_mode": "ROUTES",
            "node_config": [
              {
                "boot_disk_kms_key": "",
                "disk_size_gb": 50,
                "disk_type": "pd-balanced",
                "gcfs_config": [],
                "guest_accelerator": [],
                "gvnic": [],
                "image_type": "COS_CONTAINERD",
                "kubelet_config": [],
                "labels": {
                  "env": "superb-system-382911"
                },
                "linux_node_config": [],
                "local_ssd_count": 0,
                "logging_variant": "DEFAULT",
                "machine_type": "e2-standard-4",
                "metadata": {
                  "disable-legacy-endpoints": "true"
                },
                "min_cpu_platform": "",
                "node_group": "",
                "oauth_scopes": [
                  "https://www.googleapis.com/auth/logging.write",
                  "https://www.googleapis.com/auth/monitoring"
                ],
                "preemptible": false,
                "reservation_affinity": [],
                "resource_labels": {},
                "service_account": "default",
                "shielded_instance_config": [
                  {
                    "enable_integrity_monitoring": true,
                    "enable_secure_boot": false
                  }
                ],
                "spot": false,
                "tags": [
                  "gke-node",
                  "superb-system-382911-gke"
                ],
                "taint": [],
                "workload_metadata_config": []
              }
            ],
            "node_locations": [
              "me-west1-a",
              "me-west1-b",
              "me-west1-c"
            ],
            "node_pool": [
              {
                "autoscaling": [],
                "initial_node_count": 2,
                "instance_group_urls": [
                  "https://www.googleapis.com/compute/v1/projects/superb-system-382911/zones/me-west1-a/instanceGroupManagers/gke-superb-system-38-superb-system-38-699d84b5-grp",
                  "https://www.googleapis.com/compute/v1/projects/superb-system-382911/zones/me-west1-b/instanceGroupManagers/gke-superb-system-38-superb-system-38-f9fc6b8d-grp",
                  "https://www.googleapis.com/compute/v1/projects/superb-system-382911/zones/me-west1-c/instanceGroupManagers/gke-superb-system-38-superb-system-38-b160c0af-grp"
                ],
                "managed_instance_group_urls": [
                  "https://www.googleapis.com/compute/v1/projects/superb-system-382911/zones/me-west1-a/instanceGroups/gke-superb-system-38-superb-system-38-699d84b5-grp",
                  "https://www.googleapis.com/compute/v1/projects/superb-system-382911/zones/me-west1-b/instanceGroups/gke-superb-system-38-superb-system-38-f9fc6b8d-grp",
                  "https://www.googleapis.com/compute/v1/projects/superb-system-382911/zones/me-west1-c/instanceGroups/gke-superb-system-38-superb-system-38-b160c0af-grp"
                ],
                "management": [
                  {
                    "auto_repair": true,
                    "auto_upgrade": true
                  }
                ],
                "max_pods_per_node": 0,
                "name": "superb-system-382911-gke",
                "name_prefix": "",
                "network_config": [
                  {
                    "create_pod_range": false,
                    "enable_private_nodes": false,
                    "pod_ipv4_cidr_block": "",
                    "pod_range": ""
                  }
                ],
                "node_config": [
                  {
                    "boot_disk_kms_key": "",
                    "disk_size_gb": 50,
                    "disk_type": "pd-balanced",
                    "gcfs_config": [],
                    "guest_accelerator": [],
                    "gvnic": [],
                    "image_type": "COS_CONTAINERD",
                    "kubelet_config": [],
                    "labels": {
                      "env": "superb-system-382911"
                    },
                    "linux_node_config": [],
                    "local_ssd_count": 0,
                    "logging_variant": "DEFAULT",
                    "machine_type": "e2-standard-4",
                    "metadata": {
                      "disable-legacy-endpoints": "true"
                    },
                    "min_cpu_platform": "",
                    "node_group": "",
                    "oauth_scopes": [
                      "https://www.googleapis.com/auth/logging.write",
                      "https://www.googleapis.com/auth/monitoring"
                    ],
                    "preemptible": false,
                    "reservation_affinity": [],
                    "resource_labels": {},
                    "service_account": "default",
                    "shielded_instance_config": [
                      {
                        "enable_integrity_monitoring": true,
                        "enable_secure_boot": false
                      }
                    ],
                    "spot": false,
                    "tags": [
                      "gke-node",
                      "superb-system-382911-gke"
                    ],
                    "taint": [],
                    "workload_metadata_config": []
                  }
                ],
                "node_count": 2,
                "node_locations": [
                  "me-west1-a",
                  "me-west1-b",
                  "me-west1-c"
                ],
                "placement_policy": [],
                "upgrade_settings": [
                  {
                    "blue_green_settings": [],
                    "max_surge": 1,
                    "max_unavailable": 0,
                    "strategy": "SURGE"
                  }
                ],
                "version": "1.24.10-gke.2300"
              }
            ],
            "node_pool_defaults": [
              {
                "node_config_defaults": [
                  {
                    "logging_variant": "DEFAULT"
                  }
                ]
              }
            ],
            "node_version": "1.24.10-gke.2300",
            "notification_config": [
              {
                "pubsub": [
                  {
                    "enabled": false,
                    "filter": [],
                    "topic": ""
                  }
                ]
              }
            ],
            "operation": null,
            "private_cluster_config": [
              {
                "enable_private_endpoint": false,
                "enable_private_nodes": false,
                "master_global_access_config": [
                  {
                    "enabled": false
                  }
                ],
                "master_ipv4_cidr_block": "",
                "peering_name": "",
                "private_endpoint": "10.10.0.2",
                "private_endpoint_subnetwork": "",
                "public_endpoint": "34.165.223.111"
              }
            ],
            "private_ipv6_google_access": "",
            "project": "superb-system-382911",
            "release_channel": [
              {
                "channel": "REGULAR"
              }
            ],
            "remove_default_node_pool": true,
            "resource_labels": {},
            "resource_usage_export_config": [],
            "self_link": "https://container.googleapis.com/v1/projects/superb-system-382911/locations/me-west1/clusters/superb-system-382911-gke",
            "service_external_ips_config": [
              {
                "enabled": false
              }
            ],
            "services_ipv4_cidr": "10.207.240.0/20",
            "subnetwork": "projects/superb-system-382911/regions/me-west1/subnetworks/superb-system-382911-subnet",
            "timeouts": null,
            "tpu_ipv4_cidr_block": "",
            "vertical_pod_autoscaling": [],
            "workload_identity_config": []
          },
          "sensitive_attributes": [],
          "private": "eyJlMmJmYjczMC1lY2FhLTExZTYtOGY4OC0zNDM2M2JjN2M0YzAiOnsiY3JlYXRlIjoyNDAwMDAwMDAwMDAwLCJkZWxldGUiOjI0MDAwMDAwMDAwMDAsInJlYWQiOjI0MDAwMDAwMDAwMDAsInVwZGF0ZSI6MzYwMDAwMDAwMDAwMH0sInNjaGVtYV92ZXJzaW9uIjoiMSJ9",
          "dependencies": [
            "google_compute_network.vpc_network",
            "google_compute_subnetwork.subnet"
          ]
        }
      ]
    },
    {
      "mode": "managed",
      "type": "google_container_node_pool",
      "name": "primary_nodes",
      "provider": "provider[\"registry.terraform.io/hashicorp/google\"]",
      "instances": [
        {
          "schema_version": 1,
          "attributes": {
            "autoscaling": [],
            "cluster": "superb-system-382911-gke",
            "id": "projects/superb-system-382911/locations/me-west1/clusters/superb-system-382911-gke/nodePools/superb-system-382911-gke",
            "initial_node_count": 2,
            "instance_group_urls": [
              "https://www.googleapis.com/compute/v1/projects/superb-system-382911/zones/me-west1-a/instanceGroupManagers/gke-superb-system-38-superb-system-38-699d84b5-grp",
              "https://www.googleapis.com/compute/v1/projects/superb-system-382911/zones/me-west1-b/instanceGroupManagers/gke-superb-system-38-superb-system-38-f9fc6b8d-grp",
              "https://www.googleapis.com/compute/v1/projects/superb-system-382911/zones/me-west1-c/instanceGroupManagers/gke-superb-system-38-superb-system-38-b160c0af-grp"
            ],
            "location": "me-west1",
            "managed_instance_group_urls": [
              "https://www.googleapis.com/compute/v1/projects/superb-system-382911/zones/me-west1-a/instanceGroups/gke-superb-system-38-superb-system-38-699d84b5-grp",
              "https://www.googleapis.com/compute/v1/projects/superb-system-382911/zones/me-west1-b/instanceGroups/gke-superb-system-38-superb-system-38-f9fc6b8d-grp",
              "https://www.googleapis.com/compute/v1/projects/superb-system-382911/zones/me-west1-c/instanceGroups/gke-superb-system-38-superb-system-38-b160c0af-grp"
            ],
            "management": [
              {
                "auto_repair": true,
                "auto_upgrade": true
              }
            ],
            "max_pods_per_node": null,
            "name": "superb-system-382911-gke",
            "name_prefix": "",
            "network_config": [
              {
                "create_pod_range": false,
                "enable_private_nodes": false,
                "pod_ipv4_cidr_block": "",
                "pod_range": ""
              }
            ],
            "node_config": [
              {
                "boot_disk_kms_key": "",
                "disk_size_gb": 50,
                "disk_type": "pd-balanced",
                "gcfs_config": [],
                "guest_accelerator": [],
                "gvnic": [],
                "image_type": "COS_CONTAINERD",
                "kubelet_config": [],
                "labels": {
                  "env": "superb-system-382911"
                },
                "linux_node_config": [],
                "local_ssd_count": 0,
                "logging_variant": "DEFAULT",
                "machine_type": "e2-standard-4",
                "metadata": {
                  "disable-legacy-endpoints": "true"
                },
                "min_cpu_platform": "",
                "node_group": "",
                "oauth_scopes": [
                  "https://www.googleapis.com/auth/logging.write",
                  "https://www.googleapis.com/auth/monitoring"
                ],
                "preemptible": false,
                "reservation_affinity": [],
                "resource_labels": {},
                "service_account": "default",
                "shielded_instance_config": [
                  {
                    "enable_integrity_monitoring": true,
                    "enable_secure_boot": false
                  }
                ],
                "spot": false,
                "tags": [
                  "gke-node",
                  "superb-system-382911-gke"
                ],
                "taint": [],
                "workload_metadata_config": []
              }
            ],
            "node_count": 2,
            "node_locations": [
              "me-west1-a",
              "me-west1-b",
              "me-west1-c"
            ],
            "operation": null,
            "placement_policy": [],
            "project": "superb-system-382911",
            "timeouts": null,
            "upgrade_settings": [
              {
                "blue_green_settings": [],
                "max_surge": 1,
                "max_unavailable": 0,
                "strategy": "SURGE"
              }
            ],
            "version": "1.24.10-gke.2300"
          },
          "sensitive_attributes": [],
          "private": "eyJlMmJmYjczMC1lY2FhLTExZTYtOGY4OC0zNDM2M2JjN2M0YzAiOnsiY3JlYXRlIjoxODAwMDAwMDAwMDAwLCJkZWxldGUiOjE4MDAwMDAwMDAwMDAsInVwZGF0ZSI6MTgwMDAwMDAwMDAwMH0sInNjaGVtYV92ZXJzaW9uIjoiMSJ9",
          "dependencies": [
            "google_compute_network.vpc_network",
            "google_compute_subnetwork.subnet",
            "google_container_cluster.primary"
          ]
        }
      ]
    },
    {
      "mode": "managed",
      "type": "null_resource",
      "name": "compute_region",
      "provider": "provider[\"registry.terraform.io/hashicorp/null\"]",
      "instances": [
        {
          "schema_version": 0,
          "attributes": {
            "id": "6283295872741359422",
            "triggers": null
          },
          "sensitive_attributes": [],
          "dependencies": [
            "google_compute_network.vpc_network",
            "google_compute_subnetwork.subnet",
            "google_container_cluster.primary",
            "google_container_node_pool.primary_nodes"
          ]
        }
      ]
    },
    {
      "mode": "managed",
      "type": "null_resource",
      "name": "docker_image_build",
      "provider": "provider[\"registry.terraform.io/hashicorp/null\"]",
      "instances": [
        {
          "schema_version": 0,
          "attributes": {
            "id": "1776049532625863275",
            "triggers": null
          },
          "sensitive_attributes": [],
          "dependencies": [
            "null_resource.git_clone"
          ]
        }
      ]
    },
    {
      "mode": "managed",
      "type": "null_resource",
      "name": "git_clone",
      "provider": "provider[\"registry.terraform.io/hashicorp/null\"]",
      "instances": [
        {
          "schema_version": 0,
          "attributes": {
            "id": "5318544414454024921",
            "triggers": null
          },
          "sensitive_attributes": []
        }
      ]
    },
    {
      "mode": "managed",
      "type": "null_resource",
      "name": "y",
      "provider": "provider[\"registry.terraform.io/hashicorp/null\"]",
      "instances": [
        {
          "schema_version": 0,
          "attributes": {
            "id": "1506852278501734735",
            "triggers": null
          },
          "sensitive_attributes": [],
          "dependencies": [
            "google_artifact_registry_repository.my-repo",
            "google_compute_network.vpc_network",
            "google_compute_subnetwork.subnet",
            "null_resource.docker_image_build",
            "null_resource.git_clone"
          ]
        }
      ]
    },
    {
      "mode": "managed",
      "type": "null_resource",
      "name": "z",
      "provider": "provider[\"registry.terraform.io/hashicorp/null\"]",
      "instances": [
        {
          "schema_version": 0,
          "attributes": {
            "id": "7678559104800751736",
            "triggers": null
          },
          "sensitive_attributes": [],
          "dependencies": [
            "google_artifact_registry_repository.my-repo",
            "google_compute_network.vpc_network",
            "google_compute_subnetwork.subnet",
            "null_resource.docker_image_build",
            "null_resource.git_clone",
            "null_resource.y"
          ]
        }
      ]
    }
  ],
  "check_results": null
}
